// !$*UTF8*$!
{
	archiveVersion = 1;
	classes = {
	};
	objectVersion = 56;
	objects = {

/* Begin PBXBuildFile section */
		D426C1D32AEC24CC00B63204 /* AppDelegate.swift in Sources */ = {isa = PBXBuildFile; fileRef = D426C1D22AEC24CC00B63204 /* AppDelegate.swift */; };
		D426C1D52AEC24CC00B63204 /* SceneDelegate.swift in Sources */ = {isa = PBXBuildFile; fileRef = D426C1D42AEC24CC00B63204 /* SceneDelegate.swift */; };
		D426C1D72AEC24CC00B63204 /* ViewController.swift in Sources */ = {isa = PBXBuildFile; fileRef = D426C1D62AEC24CC00B63204 /* ViewController.swift */; };
		D426C1DA2AEC24CC00B63204 /* Main.storyboard in Resources */ = {isa = PBXBuildFile; fileRef = D426C1D82AEC24CC00B63204 /* Main.storyboard */; };
		D426C1DC2AEC24CE00B63204 /* Assets.xcassets in Resources */ = {isa = PBXBuildFile; fileRef = D426C1DB2AEC24CE00B63204 /* Assets.xcassets */; };
		D426C1DF2AEC24CE00B63204 /* LaunchScreen.storyboard in Resources */ = {isa = PBXBuildFile; fileRef = D426C1DD2AEC24CE00B63204 /* LaunchScreen.storyboard */; };
		D426C1E72AEC251900B63204 /* Card.swift in Sources */ = {isa = PBXBuildFile; fileRef = D426C1E62AEC251900B63204 /* Card.swift */; };
		D426C1E92AEC2CC600B63204 /* EntryCard.swift in Sources */ = {isa = PBXBuildFile; fileRef = D426C1E82AEC2CC600B63204 /* EntryCard.swift */; };
		D426C1EB2AEC4C6800B63204 /* test.png in Resources */ = {isa = PBXBuildFile; fileRef = D426C1EA2AEC4C6800B63204 /* test.png */; };
/* End PBXBuildFile section */

/* Begin PBXFileReference section */
		D426C1CF2AEC24CC00B63204 /* VaultTube.app */ = {isa = PBXFileReference; explicitFileType = wrapper.application; includeInIndex = 0; path = VaultTube.app; sourceTree = BUILT_PRODUCTS_DIR; };
		D426C1D22AEC24CC00B63204 /* AppDelegate.swift */ = {isa = PBXFileReference; lastKnownFileType = sourcecode.swift; path = AppDelegate.swift; sourceTree = "<group>"; };
		D426C1D42AEC24CC00B63204 /* SceneDelegate.swift */ = {isa = PBXFileReference; lastKnownFileType = sourcecode.swift; path = SceneDelegate.swift; sourceTree = "<group>"; };
		D426C1D62AEC24CC00B63204 /* ViewController.swift */ = {isa = PBXFileReference; lastKnownFileType = sourcecode.swift; path = ViewController.swift; sourceTree = "<group>"; };
		D426C1D92AEC24CC00B63204 /* Base */ = {isa = PBXFileReference; lastKnownFileType = file.storyboard; name = Base; path = Base.lproj/Main.storyboard; sourceTree = "<group>"; };
		D426C1DB2AEC24CE00B63204 /* Assets.xcassets */ = {isa = PBXFileReference; lastKnownFileType = folder.assetcatalog; path = Assets.xcassets; sourceTree = "<group>"; };
		D426C1DE2AEC24CE00B63204 /* Base */ = {isa = PBXFileReference; lastKnownFileType = file.storyboard; name = Base; path = Base.lproj/LaunchScreen.storyboard; sourceTree = "<group>"; };
		D426C1E02AEC24CE00B63204 /* Info.plist */ = {isa = PBXFileReference; lastKnownFileType = text.plist.xml; path = Info.plist; sourceTree = "<group>"; };
		D426C1E62AEC251900B63204 /* Card.swift */ = {isa = PBXFileReference; lastKnownFileType = sourcecode.swift; path = Card.swift; sourceTree = "<group>"; };
		D426C1E82AEC2CC600B63204 /* EntryCard.swift */ = {isa = PBXFileReference; lastKnownFileType = sourcecode.swift; path = EntryCard.swift; sourceTree = "<group>"; };
		D426C1EA2AEC4C6800B63204 /* test.png */ = {isa = PBXFileReference; lastKnownFileType = image.png; name = test.png; path = ../../../../Downloads/test.png; sourceTree = "<group>"; };
/* End PBXFileReference section */

/* Begin PBXFrameworksBuildPhase section */
		D426C1CC2AEC24CC00B63204 /* Frameworks */ = {
			isa = PBXFrameworksBuildPhase;
			buildActionMask = 2147483647;
			files = (
			);
			runOnlyForDeploymentPostprocessing = 0;
		};
/* End PBXFrameworksBuildPhase section */

/* Begin PBXGroup section */
		D426C1C62AEC24CC00B63204 = {
			isa = PBXGroup;
			children = (
				D426C1D12AEC24CC00B63204 /* VaultTube */,
				D426C1D02AEC24CC00B63204 /* Products */,
			);
			sourceTree = "<group>";
		};
		D426C1D02AEC24CC00B63204 /* Products */ = {
			isa = PBXGroup;
			children = (
				D426C1CF2AEC24CC00B63204 /* VaultTube.app */,
			);
			name = Products;
			sourceTree = "<group>";
		};
		D426C1D12AEC24CC00B63204 /* VaultTube */ = {
			isa = PBXGroup;
			children = (
				D426C1D22AEC24CC00B63204 /* AppDelegate.swift */,
				D426C1D42AEC24CC00B63204 /* SceneDelegate.swift */,
				D426C1D62AEC24CC00B63204 /* ViewController.swift */,
				D426C1D82AEC24CC00B63204 /* Main.storyboard */,
				D426C1DB2AEC24CE00B63204 /* Assets.xcassets */,
				D426C1DD2AEC24CE00B63204 /* LaunchScreen.storyboard */,
				D426C1E02AEC24CE00B63204 /* Info.plist */,
				D426C1E62AEC251900B63204 /* Card.swift */,
				D426C1E82AEC2CC600B63204 /* EntryCard.swift */,
				D426C1EA2AEC4C6800B63204 /* test.png */,
			);
			path = VaultTube;
			sourceTree = "<group>";
		};
/* End PBXGroup section */

/* Begin PBXNativeTarget section */
		D426C1CE2AEC24CC00B63204 /* VaultTube */ = {
			isa = PBXNativeTarget;
			buildConfigurationList = D426C1E32AEC24CE00B63204 /* Build configuration list for PBXNativeTarget "VaultTube" */;
			buildPhases = (
				D426C1CB2AEC24CC00B63204 /* Sources */,
				D426C1CC2AEC24CC00B63204 /* Frameworks */,
				D426C1CD2AEC24CC00B63204 /* Resources */,
			);
			buildRules = (
			);
			dependencies = (
			);
			name = VaultTube;
			productName = VaultTube;
			productReference = D426C1CF2AEC24CC00B63204 /* VaultTube.app */;
			productType = "com.apple.product-type.application";
		};
/* End PBXNativeTarget section */

/* Begin PBXProject section */
		D426C1C72AEC24CC00B63204 /* Project object */ = {
			isa = PBXProject;
			attributes = {
				BuildIndependentTargetsInParallel = 1;
				LastSwiftUpdateCheck = 1500;
				LastUpgradeCheck = 1500;
				TargetAttributes = {
					D426C1CE2AEC24CC00B63204 = {
						CreatedOnToolsVersion = 15.0.1;
					};
				};
			};
			buildConfigurationList = D426C1CA2AEC24CC00B63204 /* Build configuration list for PBXProject "VaultTube" */;
			compatibilityVersion = "Xcode 14.0";
			developmentRegion = en;
			hasScannedForEncodings = 0;
			knownRegions = (
				en,
				Base,
			);
			mainGroup = D426C1C62AEC24CC00B63204;
			productRefGroup = D426C1D02AEC24CC00B63204 /* Products */;
			projectDirPath = "";
			projectRoot = "";
			targets = (
				D426C1CE2AEC24CC00B63204 /* VaultTube */,
			);
		};
/* End PBXProject section */

/* Begin PBXResourcesBuildPhase section */
		D426C1CD2AEC24CC00B63204 /* Resources */ = {
			isa = PBXResourcesBuildPhase;
			buildActionMask = 2147483647;
			files = (
				D426C1DF2AEC24CE00B63204 /* LaunchScreen.storyboard in Resources */,
				D426C1DC2AEC24CE00B63204 /* Assets.xcassets in Resources */,
				D426C1DA2AEC24CC00B63204 /* Main.storyboard in Resources */,
				D426C1EB2AEC4C6800B63204 /* test.png in Resources */,
			);
			runOnlyForDeploymentPostprocessing = 0;
		};
/* End PBXResourcesBuildPhase section */

/* Begin PBXSourcesBuildPhase section */
		D426C1CB2AEC24CC00B63204 /* Sources */ = {
			isa = PBXSourcesBuildPhase;
			buildActionMask = 2147483647;
			files = (
				D426C1D72AEC24CC00B63204 /* ViewController.swift in Sources */,
				D426C1D32AEC24CC00B63204 /* AppDelegate.swift in Sources */,
				D426C1E92AEC2CC600B63204 /* EntryCard.swift in Sources */,
				D426C1D52AEC24CC00B63204 /* SceneDelegate.swift in Sources */,
				D426C1E72AEC251900B63204 /* Card.swift in Sources */,
			);
			runOnlyForDeploymentPostprocessing = 0;
		};
/* End PBXSourcesBuildPhase section */

/* Begin PBXVariantGroup section */
		D426C1D82AEC24CC00B63204 /* Main.storyboard */ = {
			isa = PBXVariantGroup;
			children = (
				D426C1D92AEC24CC00B63204 /* Base */,
			);
			name = Main.storyboard;
			sourceTree = "<group>";
		};
		D426C1DD2AEC24CE00B63204 /* LaunchScreen.storyboard */ = {
			isa = PBXVariantGroup;
			children = (
				D426C1DE2AEC24CE00B63204 /* Base */,
			);
			name = LaunchScreen.storyboard;
			sourceTree = "<group>";
		};
/* End PBXVariantGroup section */

/* Begin XCBuildConfiguration section */
		D426C1E12AEC24CE00B63204 /* Debug */ = {
			isa = XCBuildConfiguration;
			buildSettings = {
				ALWAYS_SEARCH_USER_PATHS = NO;
				ASSETCATALOG_COMPILER_GENERATE_SWIFT_ASSET_SYMBOL_EXTENSIONS = YES;
				CLANG_ANALYZER_NONNULL = YES;
				CLANG_ANALYZER_NUMBER_OBJECT_CONVERSION = YES_AGGRESSIVE;
				CLANG_CXX_LANGUAGE_STANDARD = "gnu++20";
				CLANG_ENABLE_MODULES = YES;
				CLANG_ENABLE_OBJC_ARC = YES;
				CLANG_ENABLE_OBJC_WEAK = YES;
				CLANG_WARN_BLOCK_CAPTURE_AUTORELEASING = YES;
				CLANG_WARN_BOOL_CONVERSION = YES;
				CLANG_WARN_COMMA = YES;
				CLANG_WARN_CONSTANT_CONVERSION = YES;
				CLANG_WARN_DEPRECATED_OBJC_IMPLEMENTATIONS = YES;
				CLANG_WARN_DIRECT_OBJC_ISA_USAGE = YES_ERROR;
				CLANG_WARN_DOCUMENTATION_COMMENTS = YES;
				CLANG_WARN_EMPTY_BODY = YES;
				CLANG_WARN_ENUM_CONVERSION = YES;
				CLANG_WARN_INFINITE_RECURSION = YES;
				CLANG_WARN_INT_CONVERSION = YES;
				CLANG_WARN_NON_LITERAL_NULL_CONVERSION = YES;
				CLANG_WARN_OBJC_IMPLICIT_RETAIN_SELF = YES;
				CLANG_WARN_OBJC_LITERAL_CONVERSION = YES;
				CLANG_WARN_OBJC_ROOT_CLASS = YES_ERROR;
				CLANG_WARN_QUOTED_INCLUDE_IN_FRAMEWORK_HEADER = YES;
				CLANG_WARN_RANGE_LOOP_ANALYSIS = YES;
				CLANG_WARN_STRICT_PROTOTYPES = YES;
				CLANG_WARN_SUSPICIOUS_MOVE = YES;
				CLANG_WARN_UNGUARDED_AVAILABILITY = YES_AGGRESSIVE;
				CLANG_WARN_UNREACHABLE_CODE = YES;
				CLANG_WARN__DUPLICATE_METHOD_MATCH = YES;
				COPY_PHASE_STRIP = NO;
				DEBUG_INFORMATION_FORMAT = dwarf;
				ENABLE_STRICT_OBJC_MSGSEND = YES;
				ENABLE_TESTABILITY = YES;
				ENABLE_USER_SCRIPT_SANDBOXING = YES;
				GCC_C_LANGUAGE_STANDARD = gnu17;
				GCC_DYNAMIC_NO_PIC = NO;
				GCC_NO_COMMON_BLOCKS = YES;
				GCC_OPTIMIZATION_LEVEL = 0;
				GCC_PREPROCESSOR_DEFINITIONS = (
					"DEBUG=1",
					"$(inherited)",
				);
				GCC_WARN_64_TO_32_BIT_CONVERSION = YES;
				GCC_WARN_ABOUT_RETURN_TYPE = YES_ERROR;
				GCC_WARN_UNDECLARED_SELECTOR = YES;
				GCC_WARN_UNINITIALIZED_AUTOS = YES_AGGRESSIVE;
				GCC_WARN_UNUSED_FUNCTION = YES;
				GCC_WARN_UNUSED_VARIABLE = YES;
				IPHONEOS_DEPLOYMENT_TARGET = 17.0;
				LOCALIZATION_PREFERS_STRING_CATALOGS = YES;
				MTL_ENABLE_DEBUG_INFO = INCLUDE_SOURCE;
				MTL_FAST_MATH = YES;
				ONLY_ACTIVE_ARCH = YES;
				SDKROOT = iphoneos;
				SWIFT_ACTIVE_COMPILATION_CONDITIONS = "DEBUG $(inherited)";
				SWIFT_OPTIMIZATION_LEVEL = "-Onone";
			};
			name = Debug;
		};
		D426C1E22AEC24CE00B63204 /* Release */ = {
			isa = XCBuildConfiguration;
			buildSettings = {
				ALWAYS_SEARCH_USER_PATHS = NO;
				ASSETCATALOG_COMPILER_GENERATE_SWIFT_ASSET_SYMBOL_EXTENSIONS = YES;
				CLANG_ANALYZER_NONNULL = YES;
				CLANG_ANALYZER_NUMBER_OBJECT_CONVERSION = YES_AGGRESSIVE;
				CLANG_CXX_LANGUAGE_STANDARD = "gnu++20";
				CLANG_ENABLE_MODULES = YES;
				CLANG_ENABLE_OBJC_ARC = YES;
				CLANG_ENABLE_OBJC_WEAK = YES;
				CLANG_WARN_BLOCK_CAPTURE_AUTORELEASING = YES;
				CLANG_WARN_BOOL_CONVERSION = YES;
				CLANG_WARN_COMMA = YES;
				CLANG_WARN_CONSTANT_CONVERSION = YES;
				CLANG_WARN_DEPRECATED_OBJC_IMPLEMENTATIONS = YES;
				CLANG_WARN_DIRECT_OBJC_ISA_USAGE = YES_ERROR;
				CLANG_WARN_DOCUMENTATION_COMMENTS = YES;
				CLANG_WARN_EMPTY_BODY = YES;
				CLANG_WARN_ENUM_CONVERSION = YES;
				CLANG_WARN_INFINITE_RECURSION = YES;
				CLANG_WARN_INT_CONVERSION = YES;
				CLANG_WARN_NON_LITERAL_NULL_CONVERSION = YES;
				CLANG_WARN_OBJC_IMPLICIT_RETAIN_SELF = YES;
				CLANG_WARN_OBJC_LITERAL_CONVERSION = YES;
				CLANG_WARN_OBJC_ROOT_CLASS = YES_ERROR;
				CLANG_WARN_QUOTED_INCLUDE_IN_FRAMEWORK_HEADER = YES;
				CLANG_WARN_RANGE_LOOP_ANALYSIS = YES;
				CLANG_WARN_STRICT_PROTOTYPES = YES;
				CLANG_WARN_SUSPICIOUS_MOVE = YES;
				CLANG_WARN_UNGUARDED_AVAILABILITY = YES_AGGRESSIVE;
				CLANG_WARN_UNREACHABLE_CODE = YES;
				CLANG_WARN__DUPLICATE_METHOD_MATCH = YES;
				COPY_PHASE_STRIP = NO;
				DEBUG_INFORMATION_FORMAT = "dwarf-with-dsym";
				ENABLE_NS_ASSERTIONS = NO;
				ENABLE_STRICT_OBJC_MSGSEND = YES;
				ENABLE_USER_SCRIPT_SANDBOXING = YES;
				GCC_C_LANGUAGE_STANDARD = gnu17;
				GCC_NO_COMMON_BLOCKS = YES;
				GCC_WARN_64_TO_32_BIT_CONVERSION = YES;
				GCC_WARN_ABOUT_RETURN_TYPE = YES_ERROR;
				GCC_WARN_UNDECLARED_SELECTOR = YES;
				GCC_WARN_UNINITIALIZED_AUTOS = YES_AGGRESSIVE;
				GCC_WARN_UNUSED_FUNCTION = YES;
				GCC_WARN_UNUSED_VARIABLE = YES;
				IPHONEOS_DEPLOYMENT_TARGET = 17.0;
				LOCALIZATION_PREFERS_STRING_CATALOGS = YES;
				MTL_ENABLE_DEBUG_INFO = NO;
				MTL_FAST_MATH = YES;
				SDKROOT = iphoneos;
				SWIFT_COMPILATION_MODE = wholemodule;
				VALIDATE_PRODUCT = YES;
			};
			name = Release;
		};
		D426C1E42AEC24CE00B63204 /* Debug */ = {
			isa = XCBuildConfiguration;
			buildSettings = {
				ASSETCATALOG_COMPILER_APPICON_NAME = AppIcon;
				ASSETCATALOG_COMPILER_GLOBAL_ACCENT_COLOR_NAME = AccentColor;
				CODE_SIGN_STYLE = Automatic;
				CURRENT_PROJECT_VERSION = 1;
				GENERATE_INFOPLIST_FILE = YES;
				INFOPLIST_FILE = VaultTube/Info.plist;
				INFOPLIST_KEY_UIApplicationSupportsIndirectInputEvents = YES;
				INFOPLIST_KEY_UILaunchStoryboardName = LaunchScreen;
				INFOPLIST_KEY_UIMainStoryboardFile = Main;
				INFOPLIST_KEY_UISupportedInterfaceOrientations_iPad = "UIInterfaceOrientationPortrait UIInterfaceOrientationPortraitUpsideDown UIInterfaceOrientationLandscapeLeft UIInterfaceOrientationLandscapeRight";
				INFOPLIST_KEY_UISupportedInterfaceOrientations_iPhone = "UIInterfaceOrientationPortrait UIInterfaceOrientationLandscapeLeft UIInterfaceOrientationLandscapeRight";
				LD_RUNPATH_SEARCH_PATHS = (
					"$(inherited)",
					"@executable_path/Frameworks",
				);
				MARKETING_VERSION = 1.0;
				PRODUCT_BUNDLE_IDENTIFIER = com.dyslexicjedi.VaultTube;
				PRODUCT_NAME = "$(TARGET_NAME)";
				SWIFT_EMIT_LOC_STRINGS = YES;
				SWIFT_VERSION = 5.0;
				TARGETED_DEVICE_FAMILY = "1,2";
			};
			name = Debug;
		};
		D426C1E52AEC24CE00B63204 /* Release */ = {
			isa = XCBuildConfiguration;
			buildSettings = {
				ASSETCATALOG_COMPILER_APPICON_NAME = AppIcon;
				ASSETCATALOG_COMPILER_GLOBAL_ACCENT_COLOR_NAME = AccentColor;
				CODE_SIGN_STYLE = Automatic;
				CURRENT_PROJECT_VERSION = 1;
				GENERATE_INFOPLIST_FILE = YES;
				INFOPLIST_FILE = VaultTube/Info.plist;
				INFOPLIST_KEY_UIApplicationSupportsIndirectInputEvents = YES;
				INFOPLIST_KEY_UILaunchStoryboardName = LaunchScreen;
				INFOPLIST_KEY_UIMainStoryboardFile = Main;
				INFOPLIST_KEY_UISupportedInterfaceOrientations_iPad = "UIInterfaceOrientationPortrait UIInterfaceOrientationPortraitUpsideDown UIInterfaceOrientationLandscapeLeft UIInterfaceOrientationLandscapeRight";
				INFOPLIST_KEY_UISupportedInterfaceOrientations_iPhone = "UIInterfaceOrientationPortrait UIInterfaceOrientationLandscapeLeft UIInterfaceOrientationLandscapeRight";
				LD_RUNPATH_SEARCH_PATHS = (
					"$(inherited)",
					"@executable_path/Frameworks",
				);
				MARKETING_VERSION = 1.0;
				PRODUCT_BUNDLE_IDENTIFIER = com.dyslexicjedi.VaultTube;
				PRODUCT_NAME = "$(TARGET_NAME)";
				SWIFT_EMIT_LOC_STRINGS = YES;
				SWIFT_VERSION = 5.0;
				TARGETED_DEVICE_FAMILY = "1,2";
			};
			name = Release;
		};
/* End XCBuildConfiguration section */

/* Begin XCConfigurationList section */
		D426C1CA2AEC24CC00B63204 /* Build configuration list for PBXProject "VaultTube" */ = {
			isa = XCConfigurationList;
			buildConfigurations = (
				D426C1E12AEC24CE00B63204 /* Debug */,
				D426C1E22AEC24CE00B63204 /* Release */,
			);
			defaultConfigurationIsVisible = 0;
			defaultConfigurationName = Release;
		};
		D426C1E32AEC24CE00B63204 /* Build configuration list for PBXNativeTarget "VaultTube" */ = {
			isa = XCConfigurationList;
			buildConfigurations = (
				D426C1E42AEC24CE00B63204 /* Debug */,
				D426C1E52AEC24CE00B63204 /* Release */,
			);
			defaultConfigurationIsVisible = 0;
			defaultConfigurationName = Release;
		};
/* End XCConfigurationList section */
	};
	rootObject = D426C1C72AEC24CC00B63204 /* Project object */;
}
